
Microsoft Visual Studio Solution File, Format Version 12.00
# Visual Studio 14
VisualStudioVersion = 14.0.25420.1
MinimumVisualStudioVersion = 10.0.40219.1
Project("{FAE04EC0-301F-11D3-BF4B-00C04F79EFBC}") = "RSSOkuyucu", "..\..\..\..\Desktop\01 IntroCSharp\introcsharp\IntroCSharp\RSSOkuyucu\RSSOkuyucu.csproj", "{BA2C2A3B-7BFE-4D31-A6C5-B157FBE91547}"
EndProject
Global
	GlobalSection(SolutionConfigurationPlatforms) = preSolution
		Debug|Any CPU = Debug|Any CPU
		Release|Any CPU = Release|Any CPU
	EndGlobalSection
	GlobalSection(ProjectConfigurationPlatforms) = postSolution
		{BA2C2A3B-7BFE-4D31-A6C5-B157FBE91547}.Debug|Any CPU.ActiveCfg = Debug|Any CPU
		{BA2C2A3B-7BFE-4D31-A6C5-B157FBE91547}.Debug|Any CPU.Build.0 = Debug|Any CPU
		{BA2C2A3B-7BFE-4D31-A6C5-B157FBE91547}.Release|Any CPU.ActiveCfg = Release|Any CPU
		{BA2C2A3B-7BFE-4D31-A6C5-B157FBE91547}.Release|Any CPU.Build.0 = Release|Any CPU
	EndGlobalSection
	GlobalSection(SolutionProperties) = preSolution
		HideSolutionNode = FALSE
	EndGlobalSection
EndGlobal
